
Microsoft Visual Studio Solution File, Format Version 11.00
# Visual Studio 2010
# SharpDevelop 5.1
Project("{FAE04EC0-301F-11D3-BF4B-00C04F79EFBC}") = "ProyectoEducativo", "ProyectoEducativo.csproj", "{1FAB8AB2-C7CD-41E5-91FE-8AB4293AF6C2}"
EndProject
Global
	GlobalSection(SolutionConfigurationPlatforms) = preSolution
		Debug|Any CPU = Debug|Any CPU
		Release|Any CPU = Release|Any CPU
	EndGlobalSection
	GlobalSection(ProjectConfigurationPlatforms) = postSolution
		{1FAB8AB2-C7CD-41E5-91FE-8AB4293AF6C2}.Debug|Any CPU.ActiveCfg = Debug|Any CPU
		{1FAB8AB2-C7CD-41E5-91FE-8AB4293AF6C2}.Debug|Any CPU.Build.0 = Debug|Any CPU
		{1FAB8AB2-C7CD-41E5-91FE-8AB4293AF6C2}.Release|Any CPU.ActiveCfg = Release|Any CPU
		{1FAB8AB2-C7CD-41E5-91FE-8AB4293AF6C2}.Release|Any CPU.Build.0 = Release|Any CPU
	EndGlobalSection
EndGlobal
